
Microsoft Visual Studio Solution File, Format Version 12.00
# Visual Studio Version 16
VisualStudioVersion = 16.0.29806.167
MinimumVisualStudioVersion = 10.0.40219.1
Project("{FAE04EC0-301F-11D3-BF4B-00C04F79EFBC}") = "XmlAndJsonPerformanceTesting", "XmlAndJsonPerformanceTesting\XmlAndJsonPerformanceTesting.csproj", "{7A133B10-3A61-4758-AB82-4EDB7884360A}"
EndProject
Project("{9A19103F-16F7-4668-BE54-9A1E7A4F7556}") = "TVU.SharedLib.GenericUtility_v15", "TVU.SharedLib.GenericUtility\TVU.SharedLib.GenericUtility_v15.csproj", "{4E7326FD-E846-44F3-A146-02A0B85128C5}"
EndProject
Global
	GlobalSection(SolutionConfigurationPlatforms) = preSolution
		Debug|Any CPU = Debug|Any CPU
		Debug|x64 = Debug|x64
		Debug|x86 = Debug|x86
		Release|Any CPU = Release|Any CPU
		Release|x64 = Release|x64
		Release|x86 = Release|x86
	EndGlobalSection
	GlobalSection(ProjectConfigurationPlatforms) = postSolution
		{7A133B10-3A61-4758-AB82-4EDB7884360A}.Debug|Any CPU.ActiveCfg = Debug|Any CPU
		{7A133B10-3A61-4758-AB82-4EDB7884360A}.Debug|Any CPU.Build.0 = Debug|Any CPU
		{7A133B10-3A61-4758-AB82-4EDB7884360A}.Debug|x64.ActiveCfg = Debug|Any CPU
		{7A133B10-3A61-4758-AB82-4EDB7884360A}.Debug|x64.Build.0 = Debug|Any CPU
		{7A133B10-3A61-4758-AB82-4EDB7884360A}.Debug|x86.ActiveCfg = Debug|Any CPU
		{7A133B10-3A61-4758-AB82-4EDB7884360A}.Debug|x86.Build.0 = Debug|Any CPU
		{7A133B10-3A61-4758-AB82-4EDB7884360A}.Release|Any CPU.ActiveCfg = Release|Any CPU
		{7A133B10-3A61-4758-AB82-4EDB7884360A}.Release|Any CPU.Build.0 = Release|Any CPU
		{7A133B10-3A61-4758-AB82-4EDB7884360A}.Release|x64.ActiveCfg = Release|Any CPU
		{7A133B10-3A61-4758-AB82-4EDB7884360A}.Release|x64.Build.0 = Release|Any CPU
		{7A133B10-3A61-4758-AB82-4EDB7884360A}.Release|x86.ActiveCfg = Release|Any CPU
		{7A133B10-3A61-4758-AB82-4EDB7884360A}.Release|x86.Build.0 = Release|Any CPU
		{4E7326FD-E846-44F3-A146-02A0B85128C5}.Debug|Any CPU.ActiveCfg = Debug|x86
		{4E7326FD-E846-44F3-A146-02A0B85128C5}.Debug|x64.ActiveCfg = Debug|x64
		{4E7326FD-E846-44F3-A146-02A0B85128C5}.Debug|x64.Build.0 = Debug|x64
		{4E7326FD-E846-44F3-A146-02A0B85128C5}.Debug|x86.ActiveCfg = Debug|x86
		{4E7326FD-E846-44F3-A146-02A0B85128C5}.Debug|x86.Build.0 = Debug|x86
		{4E7326FD-E846-44F3-A146-02A0B85128C5}.Release|Any CPU.ActiveCfg = Release|x86
		{4E7326FD-E846-44F3-A146-02A0B85128C5}.Release|x64.ActiveCfg = Release|x64
		{4E7326FD-E846-44F3-A146-02A0B85128C5}.Release|x64.Build.0 = Release|x64
		{4E7326FD-E846-44F3-A146-02A0B85128C5}.Release|x86.ActiveCfg = Release|x86
		{4E7326FD-E846-44F3-A146-02A0B85128C5}.Release|x86.Build.0 = Release|x86
	EndGlobalSection
	GlobalSection(SolutionProperties) = preSolution
		HideSolutionNode = FALSE
	EndGlobalSection
	GlobalSection(ExtensibilityGlobals) = postSolution
		SolutionGuid = {F4B1F364-9A53-4805-9502-54F45EE81EE4}
	EndGlobalSection
EndGlobal
